
Microsoft Visual Studio Solution File, Format Version 12.00
# Visual Studio Version 16
VisualStudioVersion = 16.0.30523.141
MinimumVisualStudioVersion = 10.0.40219.1
Project("{2150E333-8FDC-42A3-9474-1A3956D46DE8}") = ".NET Framework fundamentals", ".NET Framework fundamentals", "{F439E5E0-17EC-4EE9-B26E-834E0989D18E}"
EndProject
Project("{2150E333-8FDC-42A3-9474-1A3956D46DE8}") = "Debugging fundamentals", "Debugging fundamentals", "{DA8CCF10-F131-441E-A09E-5C9BBAA58141}"
EndProject
Project("{2150E333-8FDC-42A3-9474-1A3956D46DE8}") = "AdvancedCS", "AdvancedCS", "{0E29E3D8-3EBE-45CB-9ED3-4BE63F17A980}"
EndProject
Project("{2150E333-8FDC-42A3-9474-1A3956D46DE8}") = "ExceptionHandling", "ExceptionHandling", "{C8C81B7A-D31D-4D5C-B232-30D5F4B4A8A1}"
EndProject
Project("{9A19103F-16F7-4668-BE54-9A1E7A4F7556}") = "Task1", "ExceptionHandling\Task1\Task1.csproj", "{AB929204-89BC-4D84-95F3-E348FC50326C}"
EndProject
Project("{9A19103F-16F7-4668-BE54-9A1E7A4F7556}") = "Task2", "ExceptionHandling\Task2\Task2.csproj", "{429A2CA8-122E-423F-87C3-4706ECE06110}"
EndProject
Project("{9A19103F-16F7-4668-BE54-9A1E7A4F7556}") = "Task3", "ExceptionHandling\Task3\Task3.csproj", "{861EFC70-BE48-4315-A7B1-E5813A2266FA}"
EndProject
Project("{9A19103F-16F7-4668-BE54-9A1E7A4F7556}") = "Task2.Tests", "ExceptionHandling\Task2.Tests\Task2.Tests.csproj", "{396D4E19-A7A7-45B8-B7A5-A4EE1FC31941}"
EndProject
Project("{9A19103F-16F7-4668-BE54-9A1E7A4F7556}") = "Task3.Tests", "ExceptionHandling\Task3.Tests\Task3.Tests.csproj", "{4B1127F5-BD8D-4A74-B50C-4868B3672EA3}"
EndProject
Project("{2150E333-8FDC-42A3-9474-1A3956D46DE8}") = "LINQ", "LINQ", "{832BD77E-A419-4A5A-93FD-BAD128A1C7B2}"
EndProject
Project("{9A19103F-16F7-4668-BE54-9A1E7A4F7556}") = "Task1", "LINQ\Task1\Task1.csproj", "{B8B772A4-38F1-4A29-B6FC-07185101844B}"
EndProject
Project("{9A19103F-16F7-4668-BE54-9A1E7A4F7556}") = "Task1.Tests", "LINQ\Task1.Tests\Task1.Tests.csproj", "{A22B26A9-B35A-4B83-8087-CF4EC3E7EDD3}"
EndProject
Project("{9A19103F-16F7-4668-BE54-9A1E7A4F7556}") = "Task1", "Debugging fundamentals\Task1\Task1.csproj", "{6AE8675E-D268-4CAD-9D5A-13B7633E747D}"
EndProject
Project("{9A19103F-16F7-4668-BE54-9A1E7A4F7556}") = "Task1.Tests", "Debugging fundamentals\Task1.Tests\Task1.Tests.csproj", "{2E7605AD-72DD-4E4E-A71C-38C92B0D6A4A}"
EndProject
Project("{2150E333-8FDC-42A3-9474-1A3956D46DE8}") = "Reflection", "Reflection", "{6A9966D7-380D-43C6-B4F4-D5F09A49EB3A}"
EndProject
Project("{9A19103F-16F7-4668-BE54-9A1E7A4F7556}") = "Task1", "Reflection\Task1\Task1.csproj", "{D1C1D0A2-40AB-4B0B-AA00-EE90B61B851F}"
EndProject
Project("{9A19103F-16F7-4668-BE54-9A1E7A4F7556}") = "IoC.Tests", "Reflection\Task1.Tests\IoC.Tests.csproj", "{60E81416-22C0-4FE6-9694-45A3A43A623F}"
EndProject
Project("{9A19103F-16F7-4668-BE54-9A1E7A4F7556}") = "Task2", "Reflection\Task2\Task2.csproj", "{2A1D3B80-984E-4596-9B56-0785DB10ED46}"
EndProject
Project("{9A19103F-16F7-4668-BE54-9A1E7A4F7556}") = "Task2.Tests", "Reflection\Task2.Tests\Task2.Tests.csproj", "{D9F39F4F-B736-42BA-85C8-E8AFA5C6F83F}"
EndProject
Project("{2150E333-8FDC-42A3-9474-1A3956D46DE8}") = "Data Structures", "Data Structures", "{55A7030E-5215-437C-BB83-34D53B9A7EC5}"
EndProject
Project("{9A19103F-16F7-4668-BE54-9A1E7A4F7556}") = "LinkedList", "Data Structures\LinkedList\LinkedList.csproj", "{1590D96F-42B5-4E20-BCC2-A20F950CEB6D}"
EndProject
Project("{2150E333-8FDC-42A3-9474-1A3956D46DE8}") = "UnitTests", "UnitTests", "{4D1C7436-ECB8-46A7-9EB7-C411A9D14286}"
EndProject
Project("{9A19103F-16F7-4668-BE54-9A1E7A4F7556}") = "OddEvenKata", "OddEvenKata\OddEvenKata.csproj", "{FCE47C35-8E6A-4096-A494-5513698241CC}"
EndProject
Project("{9A19103F-16F7-4668-BE54-9A1E7A4F7556}") = "OddEvenKata.Tests", "OddEvenKata.Tests\OddEvenKata.Tests.csproj", "{98D59C37-AF49-4748-A893-58D10FBE9993}"
EndProject
Project("{9A19103F-16F7-4668-BE54-9A1E7A4F7556}") = "CalcStats.Tests", "CalcStats.Tests\CalcStats.Tests.csproj", "{6566359E-90F6-4642-87A4-F2730C598DFA}"
EndProject
Project("{FAE04EC0-301F-11D3-BF4B-00C04F79EFBC}") = "CalcStats", "CalcStats\CalcStats.csproj", "{800DB16E-11E8-4D00-A532-2EC00A5D6F54}"
EndProject
Project("{FAE04EC0-301F-11D3-BF4B-00C04F79EFBC}") = "LeapYear", "LeapYear\LeapYear.csproj", "{D13AE4EF-B2B2-4F0C-8857-EA6F486DB45C}"
EndProject
Project("{FAE04EC0-301F-11D3-BF4B-00C04F79EFBC}") = "LeapYear.Tests", "LeapYear.Tests\LeapYear.Tests.csproj", "{B786C8CF-AE13-42F0-B273-AD3A7BA3D00E}"
EndProject
Project("{2150E333-8FDC-42A3-9474-1A3956D46DE8}") = "Logging", "Logging", "{067A932A-6806-4399-8532-C284FDAA252A}"
EndProject
Project("{9A19103F-16F7-4668-BE54-9A1E7A4F7556}") = "BrainstormSessions", "Logging\BrainstormSessions\BrainstormSessions.csproj", "{152345B8-7790-4E48-B875-03111279832C}"
EndProject
Project("{9A19103F-16F7-4668-BE54-9A1E7A4F7556}") = "BrainstormSessions.Test", "Logging\BrainstormSessions.Test\BrainstormSessions.Test.csproj", "{D12C1CB1-5107-47E5-ABDA-26DE0E258666}"
EndProject
Global
	GlobalSection(SolutionConfigurationPlatforms) = preSolution
		Debug|Any CPU = Debug|Any CPU
		Release|Any CPU = Release|Any CPU
	EndGlobalSection
	GlobalSection(ProjectConfigurationPlatforms) = postSolution
		{AB929204-89BC-4D84-95F3-E348FC50326C}.Debug|Any CPU.ActiveCfg = Debug|Any CPU
		{AB929204-89BC-4D84-95F3-E348FC50326C}.Debug|Any CPU.Build.0 = Debug|Any CPU
		{AB929204-89BC-4D84-95F3-E348FC50326C}.Release|Any CPU.ActiveCfg = Release|Any CPU
		{AB929204-89BC-4D84-95F3-E348FC50326C}.Release|Any CPU.Build.0 = Release|Any CPU
		{429A2CA8-122E-423F-87C3-4706ECE06110}.Debug|Any CPU.ActiveCfg = Debug|Any CPU
		{429A2CA8-122E-423F-87C3-4706ECE06110}.Debug|Any CPU.Build.0 = Debug|Any CPU
		{429A2CA8-122E-423F-87C3-4706ECE06110}.Release|Any CPU.ActiveCfg = Release|Any CPU
		{429A2CA8-122E-423F-87C3-4706ECE06110}.Release|Any CPU.Build.0 = Release|Any CPU
		{861EFC70-BE48-4315-A7B1-E5813A2266FA}.Debug|Any CPU.ActiveCfg = Debug|Any CPU
		{861EFC70-BE48-4315-A7B1-E5813A2266FA}.Debug|Any CPU.Build.0 = Debug|Any CPU
		{861EFC70-BE48-4315-A7B1-E5813A2266FA}.Release|Any CPU.ActiveCfg = Release|Any CPU
		{861EFC70-BE48-4315-A7B1-E5813A2266FA}.Release|Any CPU.Build.0 = Release|Any CPU
		{396D4E19-A7A7-45B8-B7A5-A4EE1FC31941}.Debug|Any CPU.ActiveCfg = Debug|Any CPU
		{396D4E19-A7A7-45B8-B7A5-A4EE1FC31941}.Debug|Any CPU.Build.0 = Debug|Any CPU
		{396D4E19-A7A7-45B8-B7A5-A4EE1FC31941}.Release|Any CPU.ActiveCfg = Release|Any CPU
		{396D4E19-A7A7-45B8-B7A5-A4EE1FC31941}.Release|Any CPU.Build.0 = Release|Any CPU
		{4B1127F5-BD8D-4A74-B50C-4868B3672EA3}.Debug|Any CPU.ActiveCfg = Debug|Any CPU
		{4B1127F5-BD8D-4A74-B50C-4868B3672EA3}.Debug|Any CPU.Build.0 = Debug|Any CPU
		{4B1127F5-BD8D-4A74-B50C-4868B3672EA3}.Release|Any CPU.ActiveCfg = Release|Any CPU
		{4B1127F5-BD8D-4A74-B50C-4868B3672EA3}.Release|Any CPU.Build.0 = Release|Any CPU
		{B8B772A4-38F1-4A29-B6FC-07185101844B}.Debug|Any CPU.ActiveCfg = Debug|Any CPU
		{B8B772A4-38F1-4A29-B6FC-07185101844B}.Debug|Any CPU.Build.0 = Debug|Any CPU
		{B8B772A4-38F1-4A29-B6FC-07185101844B}.Release|Any CPU.ActiveCfg = Release|Any CPU
		{B8B772A4-38F1-4A29-B6FC-07185101844B}.Release|Any CPU.Build.0 = Release|Any CPU
		{A22B26A9-B35A-4B83-8087-CF4EC3E7EDD3}.Debug|Any CPU.ActiveCfg = Debug|Any CPU
		{A22B26A9-B35A-4B83-8087-CF4EC3E7EDD3}.Debug|Any CPU.Build.0 = Debug|Any CPU
		{A22B26A9-B35A-4B83-8087-CF4EC3E7EDD3}.Release|Any CPU.ActiveCfg = Release|Any CPU
		{A22B26A9-B35A-4B83-8087-CF4EC3E7EDD3}.Release|Any CPU.Build.0 = Release|Any CPU
		{6AE8675E-D268-4CAD-9D5A-13B7633E747D}.Debug|Any CPU.ActiveCfg = Debug|Any CPU
		{6AE8675E-D268-4CAD-9D5A-13B7633E747D}.Debug|Any CPU.Build.0 = Debug|Any CPU
		{6AE8675E-D268-4CAD-9D5A-13B7633E747D}.Release|Any CPU.ActiveCfg = Release|Any CPU
		{6AE8675E-D268-4CAD-9D5A-13B7633E747D}.Release|Any CPU.Build.0 = Release|Any CPU
		{2E7605AD-72DD-4E4E-A71C-38C92B0D6A4A}.Debug|Any CPU.ActiveCfg = Debug|Any CPU
		{2E7605AD-72DD-4E4E-A71C-38C92B0D6A4A}.Debug|Any CPU.Build.0 = Debug|Any CPU
		{2E7605AD-72DD-4E4E-A71C-38C92B0D6A4A}.Release|Any CPU.ActiveCfg = Release|Any CPU
		{2E7605AD-72DD-4E4E-A71C-38C92B0D6A4A}.Release|Any CPU.Build.0 = Release|Any CPU
		{D1C1D0A2-40AB-4B0B-AA00-EE90B61B851F}.Debug|Any CPU.ActiveCfg = Debug|Any CPU
		{D1C1D0A2-40AB-4B0B-AA00-EE90B61B851F}.Debug|Any CPU.Build.0 = Debug|Any CPU
		{D1C1D0A2-40AB-4B0B-AA00-EE90B61B851F}.Release|Any CPU.ActiveCfg = Release|Any CPU
		{D1C1D0A2-40AB-4B0B-AA00-EE90B61B851F}.Release|Any CPU.Build.0 = Release|Any CPU
		{60E81416-22C0-4FE6-9694-45A3A43A623F}.Debug|Any CPU.ActiveCfg = Debug|Any CPU
		{60E81416-22C0-4FE6-9694-45A3A43A623F}.Debug|Any CPU.Build.0 = Debug|Any CPU
		{60E81416-22C0-4FE6-9694-45A3A43A623F}.Release|Any CPU.ActiveCfg = Release|Any CPU
		{60E81416-22C0-4FE6-9694-45A3A43A623F}.Release|Any CPU.Build.0 = Release|Any CPU
		{2A1D3B80-984E-4596-9B56-0785DB10ED46}.Debug|Any CPU.ActiveCfg = Debug|Any CPU
		{2A1D3B80-984E-4596-9B56-0785DB10ED46}.Debug|Any CPU.Build.0 = Debug|Any CPU
		{2A1D3B80-984E-4596-9B56-0785DB10ED46}.Release|Any CPU.ActiveCfg = Release|Any CPU
		{2A1D3B80-984E-4596-9B56-0785DB10ED46}.Release|Any CPU.Build.0 = Release|Any CPU
		{D9F39F4F-B736-42BA-85C8-E8AFA5C6F83F}.Debug|Any CPU.ActiveCfg = Debug|Any CPU
		{D9F39F4F-B736-42BA-85C8-E8AFA5C6F83F}.Debug|Any CPU.Build.0 = Debug|Any CPU
		{D9F39F4F-B736-42BA-85C8-E8AFA5C6F83F}.Release|Any CPU.ActiveCfg = Release|Any CPU
		{D9F39F4F-B736-42BA-85C8-E8AFA5C6F83F}.Release|Any CPU.Build.0 = Release|Any CPU
		{1590D96F-42B5-4E20-BCC2-A20F950CEB6D}.Debug|Any CPU.ActiveCfg = Debug|Any CPU
		{1590D96F-42B5-4E20-BCC2-A20F950CEB6D}.Debug|Any CPU.Build.0 = Debug|Any CPU
		{1590D96F-42B5-4E20-BCC2-A20F950CEB6D}.Release|Any CPU.ActiveCfg = Release|Any CPU
		{1590D96F-42B5-4E20-BCC2-A20F950CEB6D}.Release|Any CPU.Build.0 = Release|Any CPU
		{FCE47C35-8E6A-4096-A494-5513698241CC}.Debug|Any CPU.ActiveCfg = Debug|Any CPU
		{FCE47C35-8E6A-4096-A494-5513698241CC}.Debug|Any CPU.Build.0 = Debug|Any CPU
		{FCE47C35-8E6A-4096-A494-5513698241CC}.Release|Any CPU.ActiveCfg = Release|Any CPU
		{FCE47C35-8E6A-4096-A494-5513698241CC}.Release|Any CPU.Build.0 = Release|Any CPU
		{98D59C37-AF49-4748-A893-58D10FBE9993}.Debug|Any CPU.ActiveCfg = Debug|Any CPU
		{98D59C37-AF49-4748-A893-58D10FBE9993}.Debug|Any CPU.Build.0 = Debug|Any CPU
		{98D59C37-AF49-4748-A893-58D10FBE9993}.Release|Any CPU.ActiveCfg = Release|Any CPU
		{98D59C37-AF49-4748-A893-58D10FBE9993}.Release|Any CPU.Build.0 = Release|Any CPU
		{6566359E-90F6-4642-87A4-F2730C598DFA}.Debug|Any CPU.ActiveCfg = Debug|Any CPU
		{6566359E-90F6-4642-87A4-F2730C598DFA}.Debug|Any CPU.Build.0 = Debug|Any CPU
		{6566359E-90F6-4642-87A4-F2730C598DFA}.Release|Any CPU.ActiveCfg = Release|Any CPU
		{6566359E-90F6-4642-87A4-F2730C598DFA}.Release|Any CPU.Build.0 = Release|Any CPU
		{800DB16E-11E8-4D00-A532-2EC00A5D6F54}.Debug|Any CPU.ActiveCfg = Debug|Any CPU
		{800DB16E-11E8-4D00-A532-2EC00A5D6F54}.Debug|Any CPU.Build.0 = Debug|Any CPU
		{800DB16E-11E8-4D00-A532-2EC00A5D6F54}.Release|Any CPU.ActiveCfg = Release|Any CPU
		{800DB16E-11E8-4D00-A532-2EC00A5D6F54}.Release|Any CPU.Build.0 = Release|Any CPU
		{D13AE4EF-B2B2-4F0C-8857-EA6F486DB45C}.Debug|Any CPU.ActiveCfg = Debug|Any CPU
		{D13AE4EF-B2B2-4F0C-8857-EA6F486DB45C}.Debug|Any CPU.Build.0 = Debug|Any CPU
		{D13AE4EF-B2B2-4F0C-8857-EA6F486DB45C}.Release|Any CPU.ActiveCfg = Release|Any CPU
		{D13AE4EF-B2B2-4F0C-8857-EA6F486DB45C}.Release|Any CPU.Build.0 = Release|Any CPU
		{B786C8CF-AE13-42F0-B273-AD3A7BA3D00E}.Debug|Any CPU.ActiveCfg = Debug|Any CPU
		{B786C8CF-AE13-42F0-B273-AD3A7BA3D00E}.Debug|Any CPU.Build.0 = Debug|Any CPU
		{B786C8CF-AE13-42F0-B273-AD3A7BA3D00E}.Release|Any CPU.ActiveCfg = Release|Any CPU
		{B786C8CF-AE13-42F0-B273-AD3A7BA3D00E}.Release|Any CPU.Build.0 = Release|Any CPU
		{152345B8-7790-4E48-B875-03111279832C}.Debug|Any CPU.ActiveCfg = Debug|Any CPU
		{152345B8-7790-4E48-B875-03111279832C}.Debug|Any CPU.Build.0 = Debug|Any CPU
		{152345B8-7790-4E48-B875-03111279832C}.Release|Any CPU.ActiveCfg = Release|Any CPU
		{152345B8-7790-4E48-B875-03111279832C}.Release|Any CPU.Build.0 = Release|Any CPU
		{D12C1CB1-5107-47E5-ABDA-26DE0E258666}.Debug|Any CPU.ActiveCfg = Debug|Any CPU
		{D12C1CB1-5107-47E5-ABDA-26DE0E258666}.Debug|Any CPU.Build.0 = Debug|Any CPU
		{D12C1CB1-5107-47E5-ABDA-26DE0E258666}.Release|Any CPU.ActiveCfg = Release|Any CPU
		{D12C1CB1-5107-47E5-ABDA-26DE0E258666}.Release|Any CPU.Build.0 = Release|Any CPU
	EndGlobalSection
	GlobalSection(SolutionProperties) = preSolution
		HideSolutionNode = FALSE
	EndGlobalSection
	GlobalSection(NestedProjects) = preSolution
		{AB929204-89BC-4D84-95F3-E348FC50326C} = {C8C81B7A-D31D-4D5C-B232-30D5F4B4A8A1}
		{429A2CA8-122E-423F-87C3-4706ECE06110} = {C8C81B7A-D31D-4D5C-B232-30D5F4B4A8A1}
		{861EFC70-BE48-4315-A7B1-E5813A2266FA} = {C8C81B7A-D31D-4D5C-B232-30D5F4B4A8A1}
		{396D4E19-A7A7-45B8-B7A5-A4EE1FC31941} = {C8C81B7A-D31D-4D5C-B232-30D5F4B4A8A1}
		{4B1127F5-BD8D-4A74-B50C-4868B3672EA3} = {C8C81B7A-D31D-4D5C-B232-30D5F4B4A8A1}
		{B8B772A4-38F1-4A29-B6FC-07185101844B} = {832BD77E-A419-4A5A-93FD-BAD128A1C7B2}
		{A22B26A9-B35A-4B83-8087-CF4EC3E7EDD3} = {832BD77E-A419-4A5A-93FD-BAD128A1C7B2}
		{6AE8675E-D268-4CAD-9D5A-13B7633E747D} = {DA8CCF10-F131-441E-A09E-5C9BBAA58141}
		{2E7605AD-72DD-4E4E-A71C-38C92B0D6A4A} = {DA8CCF10-F131-441E-A09E-5C9BBAA58141}
		{D1C1D0A2-40AB-4B0B-AA00-EE90B61B851F} = {6A9966D7-380D-43C6-B4F4-D5F09A49EB3A}
		{60E81416-22C0-4FE6-9694-45A3A43A623F} = {6A9966D7-380D-43C6-B4F4-D5F09A49EB3A}
		{2A1D3B80-984E-4596-9B56-0785DB10ED46} = {6A9966D7-380D-43C6-B4F4-D5F09A49EB3A}
		{D9F39F4F-B736-42BA-85C8-E8AFA5C6F83F} = {6A9966D7-380D-43C6-B4F4-D5F09A49EB3A}
		{1590D96F-42B5-4E20-BCC2-A20F950CEB6D} = {55A7030E-5215-437C-BB83-34D53B9A7EC5}
		{FCE47C35-8E6A-4096-A494-5513698241CC} = {4D1C7436-ECB8-46A7-9EB7-C411A9D14286}
		{98D59C37-AF49-4748-A893-58D10FBE9993} = {4D1C7436-ECB8-46A7-9EB7-C411A9D14286}
		{6566359E-90F6-4642-87A4-F2730C598DFA} = {4D1C7436-ECB8-46A7-9EB7-C411A9D14286}
		{800DB16E-11E8-4D00-A532-2EC00A5D6F54} = {4D1C7436-ECB8-46A7-9EB7-C411A9D14286}
		{D13AE4EF-B2B2-4F0C-8857-EA6F486DB45C} = {4D1C7436-ECB8-46A7-9EB7-C411A9D14286}
		{B786C8CF-AE13-42F0-B273-AD3A7BA3D00E} = {4D1C7436-ECB8-46A7-9EB7-C411A9D14286}
		{152345B8-7790-4E48-B875-03111279832C} = {067A932A-6806-4399-8532-C284FDAA252A}
		{D12C1CB1-5107-47E5-ABDA-26DE0E258666} = {067A932A-6806-4399-8532-C284FDAA252A}
	EndGlobalSection
	GlobalSection(ExtensibilityGlobals) = postSolution
		SolutionGuid = {4AA7A823-3AAD-4616-BCCE-B7C0B1B4974D}
	EndGlobalSection
EndGlobal
