
Microsoft Visual Studio Solution File, Format Version 12.00
# Visual Studio Version 16
VisualStudioVersion = 16.0.30523.141
MinimumVisualStudioVersion = 10.0.40219.1
Project("{9A19103F-16F7-4668-BE54-9A1E7A4F7556}") = "HelloConsole", "HelloConsole\HelloConsole.csproj", "{BBA13C94-DA4D-49C1-B6BB-493C0A89D226}"
EndProject
Project("{2150E333-8FDC-42A3-9474-1A3956D46DE8}") = ".NET Framework fundamentals", ".NET Framework fundamentals", "{F439E5E0-17EC-4EE9-B26E-834E0989D18E}"
EndProject
Project("{9A19103F-16F7-4668-BE54-9A1E7A4F7556}") = "HelloWPF", "HelloWPF\HelloWPF.csproj", "{A88CEEBD-F2B9-4BCC-8861-568B0BA250F6}"
EndProject
Project("{9A19103F-16F7-4668-BE54-9A1E7A4F7556}") = "HelloBL", "HelloBL\HelloBL.csproj", "{DE4AAB4B-A992-43EA-90D9-961CF0ACC162}"
EndProject
Project("{2150E333-8FDC-42A3-9474-1A3956D46DE8}") = "Debugging fundamentals", "Debugging fundamentals", "{DA8CCF10-F131-441E-A09E-5C9BBAA58141}"
EndProject
Project("{2150E333-8FDC-42A3-9474-1A3956D46DE8}") = "AdvancedCS", "AdvancedCS", "{0E29E3D8-3EBE-45CB-9ED3-4BE63F17A980}"
EndProject
Project("{9A19103F-16F7-4668-BE54-9A1E7A4F7556}") = "FileExplorer", "FileExplorer\FileExplorer.csproj", "{FDE68533-1862-4562-8C50-C1F6F4C5BB2F}"
EndProject
Project("{9A19103F-16F7-4668-BE54-9A1E7A4F7556}") = "FileExplorerTest", "FileExplorerTest\FileExplorerTest.csproj", "{2504AFAC-EC00-4935-AF15-3CD52A447A55}"
EndProject
Project("{2150E333-8FDC-42A3-9474-1A3956D46DE8}") = "ExceptionHandling", "ExceptionHandling", "{C8C81B7A-D31D-4D5C-B232-30D5F4B4A8A1}"
EndProject
Project("{9A19103F-16F7-4668-BE54-9A1E7A4F7556}") = "Task1", "ExceptionHandling\Task1\Task1.csproj", "{AB929204-89BC-4D84-95F3-E348FC50326C}"
EndProject
Project("{9A19103F-16F7-4668-BE54-9A1E7A4F7556}") = "Task2", "ExceptionHandling\Task2\Task2.csproj", "{429A2CA8-122E-423F-87C3-4706ECE06110}"
EndProject
Project("{9A19103F-16F7-4668-BE54-9A1E7A4F7556}") = "Task3", "ExceptionHandling\Task3\Task3.csproj", "{861EFC70-BE48-4315-A7B1-E5813A2266FA}"
EndProject
Project("{9A19103F-16F7-4668-BE54-9A1E7A4F7556}") = "Task2.Tests", "ExceptionHandling\Task2.Tests\Task2.Tests.csproj", "{396D4E19-A7A7-45B8-B7A5-A4EE1FC31941}"
EndProject
Project("{9A19103F-16F7-4668-BE54-9A1E7A4F7556}") = "Task3.Tests", "ExceptionHandling\Task3.Tests\Task3.Tests.csproj", "{4B1127F5-BD8D-4A74-B50C-4868B3672EA3}"
EndProject
Project("{2150E333-8FDC-42A3-9474-1A3956D46DE8}") = "LINQ", "LINQ", "{832BD77E-A419-4A5A-93FD-BAD128A1C7B2}"
EndProject
Project("{9A19103F-16F7-4668-BE54-9A1E7A4F7556}") = "Task1", "LINQ\Task1\Task1.csproj", "{B8B772A4-38F1-4A29-B6FC-07185101844B}"
EndProject
Project("{9A19103F-16F7-4668-BE54-9A1E7A4F7556}") = "Task1.Tests", "LINQ\Task1.Tests\Task1.Tests.csproj", "{A22B26A9-B35A-4B83-8087-CF4EC3E7EDD3}"
EndProject
Project("{9A19103F-16F7-4668-BE54-9A1E7A4F7556}") = "Task1", "Debugging fundamentals\Task1\Task1.csproj", "{6AE8675E-D268-4CAD-9D5A-13B7633E747D}"
EndProject
Project("{9A19103F-16F7-4668-BE54-9A1E7A4F7556}") = "Task1.Tests", "Debugging fundamentals\Task1.Tests\Task1.Tests.csproj", "{2E7605AD-72DD-4E4E-A71C-38C92B0D6A4A}"
EndProject
Project("{2150E333-8FDC-42A3-9474-1A3956D46DE8}") = "Reflection", "Reflection", "{6A9966D7-380D-43C6-B4F4-D5F09A49EB3A}"
EndProject
Project("{9A19103F-16F7-4668-BE54-9A1E7A4F7556}") = "Task1", "Reflection\Task1\Task1.csproj", "{D1C1D0A2-40AB-4B0B-AA00-EE90B61B851F}"
EndProject
Project("{9A19103F-16F7-4668-BE54-9A1E7A4F7556}") = "IoC.Tests", "Reflection\Task1.Tests\IoC.Tests.csproj", "{60E81416-22C0-4FE6-9694-45A3A43A623F}"
EndProject
Project("{9A19103F-16F7-4668-BE54-9A1E7A4F7556}") = "Task2", "Reflection\Task2\Task2.csproj", "{2A1D3B80-984E-4596-9B56-0785DB10ED46}"
EndProject
Project("{9A19103F-16F7-4668-BE54-9A1E7A4F7556}") = "Task2.Tests", "Reflection\Task2.Tests\Task2.Tests.csproj", "{D9F39F4F-B736-42BA-85C8-E8AFA5C6F83F}"
EndProject
Global
	GlobalSection(SolutionConfigurationPlatforms) = preSolution
		Debug|Any CPU = Debug|Any CPU
		Release|Any CPU = Release|Any CPU
	EndGlobalSection
	GlobalSection(ProjectConfigurationPlatforms) = postSolution
		{BBA13C94-DA4D-49C1-B6BB-493C0A89D226}.Debug|Any CPU.ActiveCfg = Debug|Any CPU
		{BBA13C94-DA4D-49C1-B6BB-493C0A89D226}.Debug|Any CPU.Build.0 = Debug|Any CPU
		{BBA13C94-DA4D-49C1-B6BB-493C0A89D226}.Release|Any CPU.ActiveCfg = Release|Any CPU
		{BBA13C94-DA4D-49C1-B6BB-493C0A89D226}.Release|Any CPU.Build.0 = Release|Any CPU
		{A88CEEBD-F2B9-4BCC-8861-568B0BA250F6}.Debug|Any CPU.ActiveCfg = Debug|Any CPU
		{A88CEEBD-F2B9-4BCC-8861-568B0BA250F6}.Debug|Any CPU.Build.0 = Debug|Any CPU
		{A88CEEBD-F2B9-4BCC-8861-568B0BA250F6}.Release|Any CPU.ActiveCfg = Release|Any CPU
		{A88CEEBD-F2B9-4BCC-8861-568B0BA250F6}.Release|Any CPU.Build.0 = Release|Any CPU
		{DE4AAB4B-A992-43EA-90D9-961CF0ACC162}.Debug|Any CPU.ActiveCfg = Debug|Any CPU
		{DE4AAB4B-A992-43EA-90D9-961CF0ACC162}.Debug|Any CPU.Build.0 = Debug|Any CPU
		{DE4AAB4B-A992-43EA-90D9-961CF0ACC162}.Release|Any CPU.ActiveCfg = Release|Any CPU
		{DE4AAB4B-A992-43EA-90D9-961CF0ACC162}.Release|Any CPU.Build.0 = Release|Any CPU
		{FDE68533-1862-4562-8C50-C1F6F4C5BB2F}.Debug|Any CPU.ActiveCfg = Debug|Any CPU
		{FDE68533-1862-4562-8C50-C1F6F4C5BB2F}.Debug|Any CPU.Build.0 = Debug|Any CPU
		{FDE68533-1862-4562-8C50-C1F6F4C5BB2F}.Release|Any CPU.ActiveCfg = Release|Any CPU
		{FDE68533-1862-4562-8C50-C1F6F4C5BB2F}.Release|Any CPU.Build.0 = Release|Any CPU
		{2504AFAC-EC00-4935-AF15-3CD52A447A55}.Debug|Any CPU.ActiveCfg = Debug|Any CPU
		{2504AFAC-EC00-4935-AF15-3CD52A447A55}.Debug|Any CPU.Build.0 = Debug|Any CPU
		{2504AFAC-EC00-4935-AF15-3CD52A447A55}.Release|Any CPU.ActiveCfg = Release|Any CPU
		{2504AFAC-EC00-4935-AF15-3CD52A447A55}.Release|Any CPU.Build.0 = Release|Any CPU
		{AB929204-89BC-4D84-95F3-E348FC50326C}.Debug|Any CPU.ActiveCfg = Debug|Any CPU
		{AB929204-89BC-4D84-95F3-E348FC50326C}.Debug|Any CPU.Build.0 = Debug|Any CPU
		{AB929204-89BC-4D84-95F3-E348FC50326C}.Release|Any CPU.ActiveCfg = Release|Any CPU
		{AB929204-89BC-4D84-95F3-E348FC50326C}.Release|Any CPU.Build.0 = Release|Any CPU
		{429A2CA8-122E-423F-87C3-4706ECE06110}.Debug|Any CPU.ActiveCfg = Debug|Any CPU
		{429A2CA8-122E-423F-87C3-4706ECE06110}.Debug|Any CPU.Build.0 = Debug|Any CPU
		{429A2CA8-122E-423F-87C3-4706ECE06110}.Release|Any CPU.ActiveCfg = Release|Any CPU
		{429A2CA8-122E-423F-87C3-4706ECE06110}.Release|Any CPU.Build.0 = Release|Any CPU
		{861EFC70-BE48-4315-A7B1-E5813A2266FA}.Debug|Any CPU.ActiveCfg = Debug|Any CPU
		{861EFC70-BE48-4315-A7B1-E5813A2266FA}.Debug|Any CPU.Build.0 = Debug|Any CPU
		{861EFC70-BE48-4315-A7B1-E5813A2266FA}.Release|Any CPU.ActiveCfg = Release|Any CPU
		{861EFC70-BE48-4315-A7B1-E5813A2266FA}.Release|Any CPU.Build.0 = Release|Any CPU
		{396D4E19-A7A7-45B8-B7A5-A4EE1FC31941}.Debug|Any CPU.ActiveCfg = Debug|Any CPU
		{396D4E19-A7A7-45B8-B7A5-A4EE1FC31941}.Debug|Any CPU.Build.0 = Debug|Any CPU
		{396D4E19-A7A7-45B8-B7A5-A4EE1FC31941}.Release|Any CPU.ActiveCfg = Release|Any CPU
		{396D4E19-A7A7-45B8-B7A5-A4EE1FC31941}.Release|Any CPU.Build.0 = Release|Any CPU
		{4B1127F5-BD8D-4A74-B50C-4868B3672EA3}.Debug|Any CPU.ActiveCfg = Debug|Any CPU
		{4B1127F5-BD8D-4A74-B50C-4868B3672EA3}.Debug|Any CPU.Build.0 = Debug|Any CPU
		{4B1127F5-BD8D-4A74-B50C-4868B3672EA3}.Release|Any CPU.ActiveCfg = Release|Any CPU
		{4B1127F5-BD8D-4A74-B50C-4868B3672EA3}.Release|Any CPU.Build.0 = Release|Any CPU
		{B8B772A4-38F1-4A29-B6FC-07185101844B}.Debug|Any CPU.ActiveCfg = Debug|Any CPU
		{B8B772A4-38F1-4A29-B6FC-07185101844B}.Debug|Any CPU.Build.0 = Debug|Any CPU
		{B8B772A4-38F1-4A29-B6FC-07185101844B}.Release|Any CPU.ActiveCfg = Release|Any CPU
		{B8B772A4-38F1-4A29-B6FC-07185101844B}.Release|Any CPU.Build.0 = Release|Any CPU
		{A22B26A9-B35A-4B83-8087-CF4EC3E7EDD3}.Debug|Any CPU.ActiveCfg = Debug|Any CPU
		{A22B26A9-B35A-4B83-8087-CF4EC3E7EDD3}.Debug|Any CPU.Build.0 = Debug|Any CPU
		{A22B26A9-B35A-4B83-8087-CF4EC3E7EDD3}.Release|Any CPU.ActiveCfg = Release|Any CPU
		{A22B26A9-B35A-4B83-8087-CF4EC3E7EDD3}.Release|Any CPU.Build.0 = Release|Any CPU
		{6AE8675E-D268-4CAD-9D5A-13B7633E747D}.Debug|Any CPU.ActiveCfg = Debug|Any CPU
		{6AE8675E-D268-4CAD-9D5A-13B7633E747D}.Debug|Any CPU.Build.0 = Debug|Any CPU
		{6AE8675E-D268-4CAD-9D5A-13B7633E747D}.Release|Any CPU.ActiveCfg = Release|Any CPU
		{6AE8675E-D268-4CAD-9D5A-13B7633E747D}.Release|Any CPU.Build.0 = Release|Any CPU
		{2E7605AD-72DD-4E4E-A71C-38C92B0D6A4A}.Debug|Any CPU.ActiveCfg = Debug|Any CPU
		{2E7605AD-72DD-4E4E-A71C-38C92B0D6A4A}.Debug|Any CPU.Build.0 = Debug|Any CPU
		{2E7605AD-72DD-4E4E-A71C-38C92B0D6A4A}.Release|Any CPU.ActiveCfg = Release|Any CPU
		{2E7605AD-72DD-4E4E-A71C-38C92B0D6A4A}.Release|Any CPU.Build.0 = Release|Any CPU
		{D1C1D0A2-40AB-4B0B-AA00-EE90B61B851F}.Debug|Any CPU.ActiveCfg = Debug|Any CPU
		{D1C1D0A2-40AB-4B0B-AA00-EE90B61B851F}.Debug|Any CPU.Build.0 = Debug|Any CPU
		{D1C1D0A2-40AB-4B0B-AA00-EE90B61B851F}.Release|Any CPU.ActiveCfg = Release|Any CPU
		{D1C1D0A2-40AB-4B0B-AA00-EE90B61B851F}.Release|Any CPU.Build.0 = Release|Any CPU
		{60E81416-22C0-4FE6-9694-45A3A43A623F}.Debug|Any CPU.ActiveCfg = Debug|Any CPU
		{60E81416-22C0-4FE6-9694-45A3A43A623F}.Debug|Any CPU.Build.0 = Debug|Any CPU
		{60E81416-22C0-4FE6-9694-45A3A43A623F}.Release|Any CPU.ActiveCfg = Release|Any CPU
		{60E81416-22C0-4FE6-9694-45A3A43A623F}.Release|Any CPU.Build.0 = Release|Any CPU
		{2A1D3B80-984E-4596-9B56-0785DB10ED46}.Debug|Any CPU.ActiveCfg = Debug|Any CPU
		{2A1D3B80-984E-4596-9B56-0785DB10ED46}.Debug|Any CPU.Build.0 = Debug|Any CPU
		{2A1D3B80-984E-4596-9B56-0785DB10ED46}.Release|Any CPU.ActiveCfg = Release|Any CPU
		{2A1D3B80-984E-4596-9B56-0785DB10ED46}.Release|Any CPU.Build.0 = Release|Any CPU
		{D9F39F4F-B736-42BA-85C8-E8AFA5C6F83F}.Debug|Any CPU.ActiveCfg = Debug|Any CPU
		{D9F39F4F-B736-42BA-85C8-E8AFA5C6F83F}.Debug|Any CPU.Build.0 = Debug|Any CPU
		{D9F39F4F-B736-42BA-85C8-E8AFA5C6F83F}.Release|Any CPU.ActiveCfg = Release|Any CPU
		{D9F39F4F-B736-42BA-85C8-E8AFA5C6F83F}.Release|Any CPU.Build.0 = Release|Any CPU
	EndGlobalSection
	GlobalSection(SolutionProperties) = preSolution
		HideSolutionNode = FALSE
	EndGlobalSection
	GlobalSection(NestedProjects) = preSolution
		{BBA13C94-DA4D-49C1-B6BB-493C0A89D226} = {F439E5E0-17EC-4EE9-B26E-834E0989D18E}
		{A88CEEBD-F2B9-4BCC-8861-568B0BA250F6} = {F439E5E0-17EC-4EE9-B26E-834E0989D18E}
		{DE4AAB4B-A992-43EA-90D9-961CF0ACC162} = {F439E5E0-17EC-4EE9-B26E-834E0989D18E}
		{FDE68533-1862-4562-8C50-C1F6F4C5BB2F} = {0E29E3D8-3EBE-45CB-9ED3-4BE63F17A980}
		{2504AFAC-EC00-4935-AF15-3CD52A447A55} = {0E29E3D8-3EBE-45CB-9ED3-4BE63F17A980}
		{AB929204-89BC-4D84-95F3-E348FC50326C} = {C8C81B7A-D31D-4D5C-B232-30D5F4B4A8A1}
		{429A2CA8-122E-423F-87C3-4706ECE06110} = {C8C81B7A-D31D-4D5C-B232-30D5F4B4A8A1}
		{861EFC70-BE48-4315-A7B1-E5813A2266FA} = {C8C81B7A-D31D-4D5C-B232-30D5F4B4A8A1}
		{396D4E19-A7A7-45B8-B7A5-A4EE1FC31941} = {C8C81B7A-D31D-4D5C-B232-30D5F4B4A8A1}
		{4B1127F5-BD8D-4A74-B50C-4868B3672EA3} = {C8C81B7A-D31D-4D5C-B232-30D5F4B4A8A1}
		{B8B772A4-38F1-4A29-B6FC-07185101844B} = {832BD77E-A419-4A5A-93FD-BAD128A1C7B2}
		{A22B26A9-B35A-4B83-8087-CF4EC3E7EDD3} = {832BD77E-A419-4A5A-93FD-BAD128A1C7B2}
		{6AE8675E-D268-4CAD-9D5A-13B7633E747D} = {DA8CCF10-F131-441E-A09E-5C9BBAA58141}
		{2E7605AD-72DD-4E4E-A71C-38C92B0D6A4A} = {DA8CCF10-F131-441E-A09E-5C9BBAA58141}
		{D1C1D0A2-40AB-4B0B-AA00-EE90B61B851F} = {6A9966D7-380D-43C6-B4F4-D5F09A49EB3A}
		{60E81416-22C0-4FE6-9694-45A3A43A623F} = {6A9966D7-380D-43C6-B4F4-D5F09A49EB3A}
		{2A1D3B80-984E-4596-9B56-0785DB10ED46} = {6A9966D7-380D-43C6-B4F4-D5F09A49EB3A}
		{D9F39F4F-B736-42BA-85C8-E8AFA5C6F83F} = {6A9966D7-380D-43C6-B4F4-D5F09A49EB3A}
	EndGlobalSection
	GlobalSection(ExtensibilityGlobals) = postSolution
		SolutionGuid = {4AA7A823-3AAD-4616-BCCE-B7C0B1B4974D}
	EndGlobalSection
EndGlobal
