
Microsoft Visual Studio Solution File, Format Version 12.00
# Visual Studio Version 16
VisualStudioVersion = 16.0.30523.141
MinimumVisualStudioVersion = 10.0.40219.1
Project("{9A19103F-16F7-4668-BE54-9A1E7A4F7556}") = "HelloConsole", "HelloConsole\HelloConsole.csproj", "{BBA13C94-DA4D-49C1-B6BB-493C0A89D226}"
EndProject
Project("{2150E333-8FDC-42A3-9474-1A3956D46DE8}") = ".NET Framework fundamentals", ".NET Framework fundamentals", "{F439E5E0-17EC-4EE9-B26E-834E0989D18E}"
EndProject
Project("{9A19103F-16F7-4668-BE54-9A1E7A4F7556}") = "HelloWPF", "HelloWPF\HelloWPF.csproj", "{A88CEEBD-F2B9-4BCC-8861-568B0BA250F6}"
EndProject
Project("{FAE04EC0-301F-11D3-BF4B-00C04F79EFBC}") = "HelloBL", "HelloBL\HelloBL.csproj", "{DE4AAB4B-A992-43EA-90D9-961CF0ACC162}"
EndProject
Global
	GlobalSection(SolutionConfigurationPlatforms) = preSolution
		Debug|Any CPU = Debug|Any CPU
		Release|Any CPU = Release|Any CPU
	EndGlobalSection
	GlobalSection(ProjectConfigurationPlatforms) = postSolution
		{BBA13C94-DA4D-49C1-B6BB-493C0A89D226}.Debug|Any CPU.ActiveCfg = Debug|Any CPU
		{BBA13C94-DA4D-49C1-B6BB-493C0A89D226}.Debug|Any CPU.Build.0 = Debug|Any CPU
		{BBA13C94-DA4D-49C1-B6BB-493C0A89D226}.Release|Any CPU.ActiveCfg = Release|Any CPU
		{BBA13C94-DA4D-49C1-B6BB-493C0A89D226}.Release|Any CPU.Build.0 = Release|Any CPU
		{A88CEEBD-F2B9-4BCC-8861-568B0BA250F6}.Debug|Any CPU.ActiveCfg = Debug|Any CPU
		{A88CEEBD-F2B9-4BCC-8861-568B0BA250F6}.Debug|Any CPU.Build.0 = Debug|Any CPU
		{A88CEEBD-F2B9-4BCC-8861-568B0BA250F6}.Release|Any CPU.ActiveCfg = Release|Any CPU
		{A88CEEBD-F2B9-4BCC-8861-568B0BA250F6}.Release|Any CPU.Build.0 = Release|Any CPU
		{DE4AAB4B-A992-43EA-90D9-961CF0ACC162}.Debug|Any CPU.ActiveCfg = Debug|Any CPU
		{DE4AAB4B-A992-43EA-90D9-961CF0ACC162}.Debug|Any CPU.Build.0 = Debug|Any CPU
		{DE4AAB4B-A992-43EA-90D9-961CF0ACC162}.Release|Any CPU.ActiveCfg = Release|Any CPU
		{DE4AAB4B-A992-43EA-90D9-961CF0ACC162}.Release|Any CPU.Build.0 = Release|Any CPU
	EndGlobalSection
	GlobalSection(SolutionProperties) = preSolution
		HideSolutionNode = FALSE
	EndGlobalSection
	GlobalSection(NestedProjects) = preSolution
		{BBA13C94-DA4D-49C1-B6BB-493C0A89D226} = {F439E5E0-17EC-4EE9-B26E-834E0989D18E}
		{A88CEEBD-F2B9-4BCC-8861-568B0BA250F6} = {F439E5E0-17EC-4EE9-B26E-834E0989D18E}
		{DE4AAB4B-A992-43EA-90D9-961CF0ACC162} = {F439E5E0-17EC-4EE9-B26E-834E0989D18E}
	EndGlobalSection
	GlobalSection(ExtensibilityGlobals) = postSolution
		SolutionGuid = {4AA7A823-3AAD-4616-BCCE-B7C0B1B4974D}
	EndGlobalSection
EndGlobal
